
Microsoft Visual Studio Solution File, Format Version 12.00
# Visual Studio Version 17
VisualStudioVersion = 17.0.31903.59
MinimumVisualStudioVersion = 10.0.40219.1
Project("{FAE04EC0-301F-11D3-BF4B-00C04F79EFBC}") = "OSInterviewWebApp", "OSInterviewWebApp\OSInterviewWebApp\OSInterviewWebApp.csproj", "{DD9B3FBB-EE45-446E-88A5-C74A52854831}"
EndProject
Project("{FAE04EC0-301F-11D3-BF4B-00C04F79EFBC}") = "OSInterviewWebApp.Client", "OSInterviewWebApp\OSInterviewWebApp.Client\OSInterviewWebApp.Client.csproj", "{513F6EDF-BB9D-438C-9CEC-60EDC624CBF0}"
EndProject
Global
	GlobalSection(SolutionConfigurationPlatforms) = preSolution
		Debug|Any CPU = Debug|Any CPU
		Release|Any CPU = Release|Any CPU
	EndGlobalSection
	GlobalSection(ProjectConfigurationPlatforms) = postSolution
		{DD9B3FBB-EE45-446E-88A5-C74A52854831}.Debug|Any CPU.ActiveCfg = Debug|Any CPU
		{DD9B3FBB-EE45-446E-88A5-C74A52854831}.Debug|Any CPU.Build.0 = Debug|Any CPU
		{DD9B3FBB-EE45-446E-88A5-C74A52854831}.Release|Any CPU.ActiveCfg = Release|Any CPU
		{DD9B3FBB-EE45-446E-88A5-C74A52854831}.Release|Any CPU.Build.0 = Release|Any CPU
		{513F6EDF-BB9D-438C-9CEC-60EDC624CBF0}.Debug|Any CPU.ActiveCfg = Debug|Any CPU
		{513F6EDF-BB9D-438C-9CEC-60EDC624CBF0}.Debug|Any CPU.Build.0 = Debug|Any CPU
		{513F6EDF-BB9D-438C-9CEC-60EDC624CBF0}.Release|Any CPU.ActiveCfg = Release|Any CPU
		{513F6EDF-BB9D-438C-9CEC-60EDC624CBF0}.Release|Any CPU.Build.0 = Release|Any CPU
	EndGlobalSection
	GlobalSection(SolutionProperties) = preSolution
		HideSolutionNode = FALSE
	EndGlobalSection
	GlobalSection(ExtensibilityGlobals) = postSolution
		SolutionGuid = {7E8EDEF9-B800-4EA1-A48D-CDE1ABDE6C96}
	EndGlobalSection
EndGlobal
